// !$*UTF8*$!
{
	archiveVersion = 1;
	classes = {
	};
	objectVersion = 77;
	objects = {

/* Begin PBXContainerItemProxy section */
		B5DAC6F02D3C26E50077A1C5 /* PBXContainerItemProxy */ = {
			isa = PBXContainerItemProxy;
			containerPortal = B5DAC6D72D3C26E40077A1C5 /* Project object */;
			proxyType = 1;
			remoteGlobalIDString = B5DAC6DE2D3C26E40077A1C5;
			remoteInfo = cryptorigame;
		};
		B5DAC6FA2D3C26E50077A1C5 /* PBXContainerItemProxy */ = {
			isa = PBXContainerItemProxy;
			containerPortal = B5DAC6D72D3C26E40077A1C5 /* Project object */;
			proxyType = 1;
			remoteGlobalIDString = B5DAC6DE2D3C26E40077A1C5;
			remoteInfo = cryptorigame;
		};
/* End PBXContainerItemProxy section */

/* Begin PBXFileReference section */
		B5DAC6DF2D3C26E40077A1C5 /* cryptorigame.app */ = {isa = PBXFileReference; explicitFileType = wrapper.application; includeInIndex = 0; path = cryptorigame.app; sourceTree = BUILT_PRODUCTS_DIR; };
		B5DAC6EF2D3C26E50077A1C5 /* cryptorigameTests.xctest */ = {isa = PBXFileReference; explicitFileType = wrapper.cfbundle; includeInIndex = 0; path = cryptorigameTests.xctest; sourceTree = BUILT_PRODUCTS_DIR; };
		B5DAC6F92D3C26E50077A1C5 /* cryptorigameUITests.xctest */ = {isa = PBXFileReference; explicitFileType = wrapper.cfbundle; includeInIndex = 0; path = cryptorigameUITests.xctest; sourceTree = BUILT_PRODUCTS_DIR; };
/* End PBXFileReference section */

/* Begin PBXFileSystemSynchronizedRootGroup section */
		B5DAC6E12D3C26E40077A1C5 /* cryptorigame */ = {
			isa = PBXFileSystemSynchronizedRootGroup;
			path = cryptorigame;
			sourceTree = "<group>";
		};
		B5DAC6F22D3C26E50077A1C5 /* cryptorigameTests */ = {
			isa = PBXFileSystemSynchronizedRootGroup;
			path = cryptorigameTests;
			sourceTree = "<group>";
		};
		B5DAC6FC2D3C26E50077A1C5 /* cryptorigameUITests */ = {
			isa = PBXFileSystemSynchronizedRootGroup;
			path = cryptorigameUITests;
			sourceTree = "<group>";
		};
/* End PBXFileSystemSynchronizedRootGroup section */

/* Begin PBXFrameworksBuildPhase section */
		B5DAC6DC2D3C26E40077A1C5 /* Frameworks */ = {
			isa = PBXFrameworksBuildPhase;
			buildActionMask = 2147483647;
			files = (
			);
			runOnlyForDeploymentPostprocessing = 0;
		};
		B5DAC6EC2D3C26E50077A1C5 /* Frameworks */ = {
			isa = PBXFrameworksBuildPhase;
			buildActionMask = 2147483647;
			files = (
			);
			runOnlyForDeploymentPostprocessing = 0;
		};
		B5DAC6F62D3C26E50077A1C5 /* Frameworks */ = {
			isa = PBXFrameworksBuildPhase;
			buildActionMask = 2147483647;
			files = (
			);
			runOnlyForDeploymentPostprocessing = 0;
		};
/* End PBXFrameworksBuildPhase section */

/* Begin PBXGroup section */
		B5DAC6D62D3C26E40077A1C5 = {
			isa = PBXGroup;
			children = (
				B5DAC6E12D3C26E40077A1C5 /* cryptorigame */,
				B5DAC6F22D3C26E50077A1C5 /* cryptorigameTests */,
				B5DAC6FC2D3C26E50077A1C5 /* cryptorigameUITests */,
				B5DAC6E02D3C26E40077A1C5 /* Products */,
			);
			sourceTree = "<group>";
		};
		B5DAC6E02D3C26E40077A1C5 /* Products */ = {
			isa = PBXGroup;
			children = (
				B5DAC6DF2D3C26E40077A1C5 /* cryptorigame.app */,
				B5DAC6EF2D3C26E50077A1C5 /* cryptorigameTests.xctest */,
				B5DAC6F92D3C26E50077A1C5 /* cryptorigameUITests.xctest */,
			);
			name = Products;
			sourceTree = "<group>";
		};
/* End PBXGroup section */

/* Begin PBXNativeTarget section */
		B5DAC6DE2D3C26E40077A1C5 /* cryptorigame */ = {
			isa = PBXNativeTarget;
			buildConfigurationList = B5DAC7032D3C26E50077A1C5 /* Build configuration list for PBXNativeTarget "cryptorigame" */;
			buildPhases = (
				B5DAC6DB2D3C26E40077A1C5 /* Sources */,
				B5DAC6DC2D3C26E40077A1C5 /* Frameworks */,
				B5DAC6DD2D3C26E40077A1C5 /* Resources */,
			);
			buildRules = (
			);
			dependencies = (
			);
			fileSystemSynchronizedGroups = (
				B5DAC6E12D3C26E40077A1C5 /* cryptorigame */,
			);
			name = cryptorigame;
			packageProductDependencies = (
			);
			productName = cryptorigame;
			productReference = B5DAC6DF2D3C26E40077A1C5 /* cryptorigame.app */;
			productType = "com.apple.product-type.application";
		};
		B5DAC6EE2D3C26E50077A1C5 /* cryptorigameTests */ = {
			isa = PBXNativeTarget;
			buildConfigurationList = B5DAC7062D3C26E50077A1C5 /* Build configuration list for PBXNativeTarget "cryptorigameTests" */;
			buildPhases = (
				B5DAC6EB2D3C26E50077A1C5 /* Sources */,
				B5DAC6EC2D3C26E50077A1C5 /* Frameworks */,
				B5DAC6ED2D3C26E50077A1C5 /* Resources */,
			);
			buildRules = (
			);
			dependencies = (
				B5DAC6F12D3C26E50077A1C5 /* PBXTargetDependency */,
			);
			fileSystemSynchronizedGroups = (
				B5DAC6F22D3C26E50077A1C5 /* cryptorigameTests */,
			);
			name = cryptorigameTests;
			packageProductDependencies = (
			);
			productName = cryptorigameTests;
			productReference = B5DAC6EF2D3C26E50077A1C5 /* cryptorigameTests.xctest */;
			productType = "com.apple.product-type.bundle.unit-test";
		};
		B5DAC6F82D3C26E50077A1C5 /* cryptorigameUITests */ = {
			isa = PBXNativeTarget;
			buildConfigurationList = B5DAC7092D3C26E50077A1C5 /* Build configuration list for PBXNativeTarget "cryptorigameUITests" */;
			buildPhases = (
				B5DAC6F52D3C26E50077A1C5 /* Sources */,
				B5DAC6F62D3C26E50077A1C5 /* Frameworks */,
				B5DAC6F72D3C26E50077A1C5 /* Resources */,
			);
			buildRules = (
			);
			dependencies = (
				B5DAC6FB2D3C26E50077A1C5 /* PBXTargetDependency */,
			);
			fileSystemSynchronizedGroups = (
				B5DAC6FC2D3C26E50077A1C5 /* cryptorigameUITests */,
			);
			name = cryptorigameUITests;
			packageProductDependencies = (
			);
			productName = cryptorigameUITests;
			productReference = B5DAC6F92D3C26E50077A1C5 /* cryptorigameUITests.xctest */;
			productType = "com.apple.product-type.bundle.ui-testing";
		};
/* End PBXNativeTarget section */

/* Begin PBXProject section */
		B5DAC6D72D3C26E40077A1C5 /* Project object */ = {
			isa = PBXProject;
			attributes = {
				BuildIndependentTargetsInParallel = 1;
				LastSwiftUpdateCheck = 1600;
				LastUpgradeCheck = 1600;
				TargetAttributes = {
					B5DAC6DE2D3C26E40077A1C5 = {
						CreatedOnToolsVersion = 16.0;
					};
					B5DAC6EE2D3C26E50077A1C5 = {
						CreatedOnToolsVersion = 16.0;
						TestTargetID = B5DAC6DE2D3C26E40077A1C5;
					};
					B5DAC6F82D3C26E50077A1C5 = {
						CreatedOnToolsVersion = 16.0;
						TestTargetID = B5DAC6DE2D3C26E40077A1C5;
					};
				};
			};
			buildConfigurationList = B5DAC6DA2D3C26E40077A1C5 /* Build configuration list for PBXProject "cryptorigame" */;
			developmentRegion = en;
			hasScannedForEncodings = 0;
			knownRegions = (
				en,
				Base,
			);
			mainGroup = B5DAC6D62D3C26E40077A1C5;
			minimizedProjectReferenceProxies = 1;
			preferredProjectObjectVersion = 77;
			productRefGroup = B5DAC6E02D3C26E40077A1C5 /* Products */;
			projectDirPath = "";
			projectRoot = "";
			targets = (
				B5DAC6DE2D3C26E40077A1C5 /* cryptorigame */,
				B5DAC6EE2D3C26E50077A1C5 /* cryptorigameTests */,
				B5DAC6F82D3C26E50077A1C5 /* cryptorigameUITests */,
			);
		};
/* End PBXProject section */

/* Begin PBXResourcesBuildPhase section */
		B5DAC6DD2D3C26E40077A1C5 /* Resources */ = {
			isa = PBXResourcesBuildPhase;
			buildActionMask = 2147483647;
			files = (
			);
			runOnlyForDeploymentPostprocessing = 0;
		};
		B5DAC6ED2D3C26E50077A1C5 /* Resources */ = {
			isa = PBXResourcesBuildPhase;
			buildActionMask = 2147483647;
			files = (
			);
			runOnlyForDeploymentPostprocessing = 0;
		};
		B5DAC6F72D3C26E50077A1C5 /* Resources */ = {
			isa = PBXResourcesBuildPhase;
			buildActionMask = 2147483647;
			files = (
			);
			runOnlyForDeploymentPostprocessing = 0;
		};
/* End PBXResourcesBuildPhase section */

/* Begin PBXSourcesBuildPhase section */
		B5DAC6DB2D3C26E40077A1C5 /* Sources */ = {
			isa = PBXSourcesBuildPhase;
			buildActionMask = 2147483647;
			files = (
			);
			runOnlyForDeploymentPostprocessing = 0;
		};
		B5DAC6EB2D3C26E50077A1C5 /* Sources */ = {
			isa = PBXSourcesBuildPhase;
			buildActionMask = 2147483647;
			files = (
			);
			runOnlyForDeploymentPostprocessing = 0;
		};
		B5DAC6F52D3C26E50077A1C5 /* Sources */ = {
			isa = PBXSourcesBuildPhase;
			buildActionMask = 2147483647;
			files = (
			);
			runOnlyForDeploymentPostprocessing = 0;
		};
/* End PBXSourcesBuildPhase section */

/* Begin PBXTargetDependency section */
		B5DAC6F12D3C26E50077A1C5 /* PBXTargetDependency */ = {
			isa = PBXTargetDependency;
			target = B5DAC6DE2D3C26E40077A1C5 /* cryptorigame */;
			targetProxy = B5DAC6F02D3C26E50077A1C5 /* PBXContainerItemProxy */;
		};
		B5DAC6FB2D3C26E50077A1C5 /* PBXTargetDependency */ = {
			isa = PBXTargetDependency;
			target = B5DAC6DE2D3C26E40077A1C5 /* cryptorigame */;
			targetProxy = B5DAC6FA2D3C26E50077A1C5 /* PBXContainerItemProxy */;
		};
/* End PBXTargetDependency section */

/* Begin XCBuildConfiguration section */
		B5DAC7012D3C26E50077A1C5 /* Debug */ = {
			isa = XCBuildConfiguration;
			buildSettings = {
				ALWAYS_SEARCH_USER_PATHS = NO;
				ASSETCATALOG_COMPILER_GENERATE_SWIFT_ASSET_SYMBOL_EXTENSIONS = YES;
				CLANG_ANALYZER_NONNULL = YES;
				CLANG_ANALYZER_NUMBER_OBJECT_CONVERSION = YES_AGGRESSIVE;
				CLANG_CXX_LANGUAGE_STANDARD = "gnu++20";
				CLANG_ENABLE_MODULES = YES;
				CLANG_ENABLE_OBJC_ARC = YES;
				CLANG_ENABLE_OBJC_WEAK = YES;
				CLANG_WARN_BLOCK_CAPTURE_AUTORELEASING = YES;
				CLANG_WARN_BOOL_CONVERSION = YES;
				CLANG_WARN_COMMA = YES;
				CLANG_WARN_CONSTANT_CONVERSION = YES;
				CLANG_WARN_DEPRECATED_OBJC_IMPLEMENTATIONS = YES;
				CLANG_WARN_DIRECT_OBJC_ISA_USAGE = YES_ERROR;
				CLANG_WARN_DOCUMENTATION_COMMENTS = YES;
				CLANG_WARN_EMPTY_BODY = YES;
				CLANG_WARN_ENUM_CONVERSION = YES;
				CLANG_WARN_INFINITE_RECURSION = YES;
				CLANG_WARN_INT_CONVERSION = YES;
				CLANG_WARN_NON_LITERAL_NULL_CONVERSION = YES;
				CLANG_WARN_OBJC_IMPLICIT_RETAIN_SELF = YES;
				CLANG_WARN_OBJC_LITERAL_CONVERSION = YES;
				CLANG_WARN_OBJC_ROOT_CLASS = YES_ERROR;
				CLANG_WARN_QUOTED_INCLUDE_IN_FRAMEWORK_HEADER = YES;
				CLANG_WARN_RANGE_LOOP_ANALYSIS = YES;
				CLANG_WARN_STRICT_PROTOTYPES = YES;
				CLANG_WARN_SUSPICIOUS_MOVE = YES;
				CLANG_WARN_UNGUARDED_AVAILABILITY = YES_AGGRESSIVE;
				CLANG_WARN_UNREACHABLE_CODE = YES;
				CLANG_WARN__DUPLICATE_METHOD_MATCH = YES;
				COPY_PHASE_STRIP = NO;
				DEBUG_INFORMATION_FORMAT = dwarf;
				ENABLE_STRICT_OBJC_MSGSEND = YES;
				ENABLE_TESTABILITY = YES;
				ENABLE_USER_SCRIPT_SANDBOXING = YES;
				GCC_C_LANGUAGE_STANDARD = gnu17;
				GCC_DYNAMIC_NO_PIC = NO;
				GCC_NO_COMMON_BLOCKS = YES;
				GCC_OPTIMIZATION_LEVEL = 0;
				GCC_PREPROCESSOR_DEFINITIONS = (
					"DEBUG=1",
					"$(inherited)",
				);
				GCC_WARN_64_TO_32_BIT_CONVERSION = YES;
				GCC_WARN_ABOUT_RETURN_TYPE = YES_ERROR;
				GCC_WARN_UNDECLARED_SELECTOR = YES;
				GCC_WARN_UNINITIALIZED_AUTOS = YES_AGGRESSIVE;
				GCC_WARN_UNUSED_FUNCTION = YES;
				GCC_WARN_UNUSED_VARIABLE = YES;
				IPHONEOS_DEPLOYMENT_TARGET = 18.0;
				LOCALIZATION_PREFERS_STRING_CATALOGS = YES;
				MTL_ENABLE_DEBUG_INFO = INCLUDE_SOURCE;
				MTL_FAST_MATH = YES;
				ONLY_ACTIVE_ARCH = YES;
				SDKROOT = iphoneos;
				SWIFT_ACTIVE_COMPILATION_CONDITIONS = "DEBUG $(inherited)";
				SWIFT_OPTIMIZATION_LEVEL = "-Onone";
			};
			name = Debug;
		};
		B5DAC7022D3C26E50077A1C5 /* Release */ = {
			isa = XCBuildConfiguration;
			buildSettings = {
				ALWAYS_SEARCH_USER_PATHS = NO;
				ASSETCATALOG_COMPILER_GENERATE_SWIFT_ASSET_SYMBOL_EXTENSIONS = YES;
				CLANG_ANALYZER_NONNULL = YES;
				CLANG_ANALYZER_NUMBER_OBJECT_CONVERSION = YES_AGGRESSIVE;
				CLANG_CXX_LANGUAGE_STANDARD = "gnu++20";
				CLANG_ENABLE_MODULES = YES;
				CLANG_ENABLE_OBJC_ARC = YES;
				CLANG_ENABLE_OBJC_WEAK = YES;
				CLANG_WARN_BLOCK_CAPTURE_AUTORELEASING = YES;
				CLANG_WARN_BOOL_CONVERSION = YES;
				CLANG_WARN_COMMA = YES;
				CLANG_WARN_CONSTANT_CONVERSION = YES;
				CLANG_WARN_DEPRECATED_OBJC_IMPLEMENTATIONS = YES;
				CLANG_WARN_DIRECT_OBJC_ISA_USAGE = YES_ERROR;
				CLANG_WARN_DOCUMENTATION_COMMENTS = YES;
				CLANG_WARN_EMPTY_BODY = YES;
				CLANG_WARN_ENUM_CONVERSION = YES;
				CLANG_WARN_INFINITE_RECURSION = YES;
				CLANG_WARN_INT_CONVERSION = YES;
				CLANG_WARN_NON_LITERAL_NULL_CONVERSION = YES;
				CLANG_WARN_OBJC_IMPLICIT_RETAIN_SELF = YES;
				CLANG_WARN_OBJC_LITERAL_CONVERSION = YES;
				CLANG_WARN_OBJC_ROOT_CLASS = YES_ERROR;
				CLANG_WARN_QUOTED_INCLUDE_IN_FRAMEWORK_HEADER = YES;
				CLANG_WARN_RANGE_LOOP_ANALYSIS = YES;
				CLANG_WARN_STRICT_PROTOTYPES = YES;
				CLANG_WARN_SUSPICIOUS_MOVE = YES;
				CLANG_WARN_UNGUARDED_AVAILABILITY = YES_AGGRESSIVE;
				CLANG_WARN_UNREACHABLE_CODE = YES;
				CLANG_WARN__DUPLICATE_METHOD_MATCH = YES;
				COPY_PHASE_STRIP = NO;
				DEBUG_INFORMATION_FORMAT = "dwarf-with-dsym";
				ENABLE_NS_ASSERTIONS = NO;
				ENABLE_STRICT_OBJC_MSGSEND = YES;
				ENABLE_USER_SCRIPT_SANDBOXING = YES;
				GCC_C_LANGUAGE_STANDARD = gnu17;
				GCC_NO_COMMON_BLOCKS = YES;
				GCC_WARN_64_TO_32_BIT_CONVERSION = YES;
				GCC_WARN_ABOUT_RETURN_TYPE = YES_ERROR;
				GCC_WARN_UNDECLARED_SELECTOR = YES;
				GCC_WARN_UNINITIALIZED_AUTOS = YES_AGGRESSIVE;
				GCC_WARN_UNUSED_FUNCTION = YES;
				GCC_WARN_UNUSED_VARIABLE = YES;
				IPHONEOS_DEPLOYMENT_TARGET = 18.0;
				LOCALIZATION_PREFERS_STRING_CATALOGS = YES;
				MTL_ENABLE_DEBUG_INFO = NO;
				MTL_FAST_MATH = YES;
				SDKROOT = iphoneos;
				SWIFT_COMPILATION_MODE = wholemodule;
				VALIDATE_PRODUCT = YES;
			};
			name = Release;
		};
		B5DAC7042D3C26E50077A1C5 /* Debug */ = {
			isa = XCBuildConfiguration;
			buildSettings = {
				ASSETCATALOG_COMPILER_APPICON_NAME = AppIcon;
				ASSETCATALOG_COMPILER_GLOBAL_ACCENT_COLOR_NAME = AccentColor;
				CODE_SIGN_STYLE = Automatic;
				CURRENT_PROJECT_VERSION = 1;
				DEVELOPMENT_ASSET_PATHS = "\"cryptorigame/Preview Content\"";
				DEVELOPMENT_TEAM = 8WB4263S3N;
				ENABLE_PREVIEWS = YES;
				GENERATE_INFOPLIST_FILE = YES;
				INFOPLIST_KEY_CFBundleDisplayName = Crypto;
				INFOPLIST_KEY_UIApplicationSceneManifest_Generation = YES;
				INFOPLIST_KEY_UIApplicationSupportsIndirectInputEvents = YES;
				INFOPLIST_KEY_UILaunchScreen_Generation = YES;
				INFOPLIST_KEY_UISupportedInterfaceOrientations = UIInterfaceOrientationPortrait;
				LD_RUNPATH_SEARCH_PATHS = (
					"$(inherited)",
					"@executable_path/Frameworks",
				);
				MARKETING_VERSION = 1.0;
				PRODUCT_BUNDLE_IDENTIFIER = com.parth.cryptorigame;
				PRODUCT_NAME = "$(TARGET_NAME)";
				SWIFT_EMIT_LOC_STRINGS = YES;
				SWIFT_VERSION = 5.0;
				TARGETED_DEVICE_FAMILY = "1,2";
			};
			name = Debug;
		};
		B5DAC7052D3C26E50077A1C5 /* Release */ = {
			isa = XCBuildConfiguration;
			buildSettings = {
				ASSETCATALOG_COMPILER_APPICON_NAME = AppIcon;
				ASSETCATALOG_COMPILER_GLOBAL_ACCENT_COLOR_NAME = AccentColor;
				CODE_SIGN_STYLE = Automatic;
				CURRENT_PROJECT_VERSION = 1;
				DEVELOPMENT_ASSET_PATHS = "\"cryptorigame/Preview Content\"";
				DEVELOPMENT_TEAM = 8WB4263S3N;
				ENABLE_PREVIEWS = YES;
				GENERATE_INFOPLIST_FILE = YES;
				INFOPLIST_KEY_CFBundleDisplayName = Crypto;
				INFOPLIST_KEY_UIApplicationSceneManifest_Generation = YES;
				INFOPLIST_KEY_UIApplicationSupportsIndirectInputEvents = YES;
				INFOPLIST_KEY_UILaunchScreen_Generation = YES;
				INFOPLIST_KEY_UISupportedInterfaceOrientations = UIInterfaceOrientationPortrait;
				LD_RUNPATH_SEARCH_PATHS = (
					"$(inherited)",
					"@executable_path/Frameworks",
				);
				MARKETING_VERSION = 1.0;
				PRODUCT_BUNDLE_IDENTIFIER = com.parth.cryptorigame;
				PRODUCT_NAME = "$(TARGET_NAME)";
				SWIFT_EMIT_LOC_STRINGS = YES;
				SWIFT_VERSION = 5.0;
				TARGETED_DEVICE_FAMILY = "1,2";
			};
			name = Release;
		};
		B5DAC7072D3C26E50077A1C5 /* Debug */ = {
			isa = XCBuildConfiguration;
			buildSettings = {
				BUNDLE_LOADER = "$(TEST_HOST)";
				CODE_SIGN_STYLE = Automatic;
				CURRENT_PROJECT_VERSION = 1;
				DEVELOPMENT_TEAM = 8WB4263S3N;
				GENERATE_INFOPLIST_FILE = YES;
				IPHONEOS_DEPLOYMENT_TARGET = 18.0;
				MARKETING_VERSION = 1.0;
				PRODUCT_BUNDLE_IDENTIFIER = com.parth.cryptorigameTests;
				PRODUCT_NAME = "$(TARGET_NAME)";
				SWIFT_EMIT_LOC_STRINGS = NO;
				SWIFT_VERSION = 5.0;
				TARGETED_DEVICE_FAMILY = "1,2";
				TEST_HOST = "$(BUILT_PRODUCTS_DIR)/cryptorigame.app/$(BUNDLE_EXECUTABLE_FOLDER_PATH)/cryptorigame";
			};
			name = Debug;
		};
		B5DAC7082D3C26E50077A1C5 /* Release */ = {
			isa = XCBuildConfiguration;
			buildSettings = {
				BUNDLE_LOADER = "$(TEST_HOST)";
				CODE_SIGN_STYLE = Automatic;
				CURRENT_PROJECT_VERSION = 1;
				DEVELOPMENT_TEAM = 8WB4263S3N;
				GENERATE_INFOPLIST_FILE = YES;
				IPHONEOS_DEPLOYMENT_TARGET = 18.0;
				MARKETING_VERSION = 1.0;
				PRODUCT_BUNDLE_IDENTIFIER = com.parth.cryptorigameTests;
				PRODUCT_NAME = "$(TARGET_NAME)";
				SWIFT_EMIT_LOC_STRINGS = NO;
				SWIFT_VERSION = 5.0;
				TARGETED_DEVICE_FAMILY = "1,2";
				TEST_HOST = "$(BUILT_PRODUCTS_DIR)/cryptorigame.app/$(BUNDLE_EXECUTABLE_FOLDER_PATH)/cryptorigame";
			};
			name = Release;
		};
		B5DAC70A2D3C26E50077A1C5 /* Debug */ = {
			isa = XCBuildConfiguration;
			buildSettings = {
				CODE_SIGN_STYLE = Automatic;
				CURRENT_PROJECT_VERSION = 1;
				DEVELOPMENT_TEAM = 8WB4263S3N;
				GENERATE_INFOPLIST_FILE = YES;
				MARKETING_VERSION = 1.0;
				PRODUCT_BUNDLE_IDENTIFIER = com.parth.cryptorigameUITests;
				PRODUCT_NAME = "$(TARGET_NAME)";
				SWIFT_EMIT_LOC_STRINGS = NO;
				SWIFT_VERSION = 5.0;
				TARGETED_DEVICE_FAMILY = "1,2";
				TEST_TARGET_NAME = cryptorigame;
			};
			name = Debug;
		};
		B5DAC70B2D3C26E50077A1C5 /* Release */ = {
			isa = XCBuildConfiguration;
			buildSettings = {
				CODE_SIGN_STYLE = Automatic;
				CURRENT_PROJECT_VERSION = 1;
				DEVELOPMENT_TEAM = 8WB4263S3N;
				GENERATE_INFOPLIST_FILE = YES;
				MARKETING_VERSION = 1.0;
				PRODUCT_BUNDLE_IDENTIFIER = com.parth.cryptorigameUITests;
				PRODUCT_NAME = "$(TARGET_NAME)";
				SWIFT_EMIT_LOC_STRINGS = NO;
				SWIFT_VERSION = 5.0;
				TARGETED_DEVICE_FAMILY = "1,2";
				TEST_TARGET_NAME = cryptorigame;
			};
			name = Release;
		};
/* End XCBuildConfiguration section */

/* Begin XCConfigurationList section */
		B5DAC6DA2D3C26E40077A1C5 /* Build configuration list for PBXProject "cryptorigame" */ = {
			isa = XCConfigurationList;
			buildConfigurations = (
				B5DAC7012D3C26E50077A1C5 /* Debug */,
				B5DAC7022D3C26E50077A1C5 /* Release */,
			);
			defaultConfigurationIsVisible = 0;
			defaultConfigurationName = Release;
		};
		B5DAC7032D3C26E50077A1C5 /* Build configuration list for PBXNativeTarget "cryptorigame" */ = {
			isa = XCConfigurationList;
			buildConfigurations = (
				B5DAC7042D3C26E50077A1C5 /* Debug */,
				B5DAC7052D3C26E50077A1C5 /* Release */,
			);
			defaultConfigurationIsVisible = 0;
			defaultConfigurationName = Release;
		};
		B5DAC7062D3C26E50077A1C5 /* Build configuration list for PBXNativeTarget "cryptorigameTests" */ = {
			isa = XCConfigurationList;
			buildConfigurations = (
				B5DAC7072D3C26E50077A1C5 /* Debug */,
				B5DAC7082D3C26E50077A1C5 /* Release */,
			);
			defaultConfigurationIsVisible = 0;
			defaultConfigurationName = Release;
		};
		B5DAC7092D3C26E50077A1C5 /* Build configuration list for PBXNativeTarget "cryptorigameUITests" */ = {
			isa = XCConfigurationList;
			buildConfigurations = (
				B5DAC70A2D3C26E50077A1C5 /* Debug */,
				B5DAC70B2D3C26E50077A1C5 /* Release */,
			);
			defaultConfigurationIsVisible = 0;
			defaultConfigurationName = Release;
		};
/* End XCConfigurationList section */
	};
	rootObject = B5DAC6D72D3C26E40077A1C5 /* Project object */;
}
